
Microsoft Visual Studio Solution File, Format Version 12.00
Project("{FAE04EC0-301F-11D3-BF4B-00C04F79EFBC}") = "DeStream.Features.GUI", "src\DeStream.Features.GUI.csproj", "{1346A29E-9840-4E77-977C-60879DF61755}"
EndProject
Global
	GlobalSection(SolutionConfigurationPlatforms) = preSolution
		Debug|Any CPU = Debug|Any CPU
		Release|Any CPU = Release|Any CPU
	EndGlobalSection
	GlobalSection(ProjectConfigurationPlatforms) = postSolution
		{1346A29E-9840-4E77-977C-60879DF61755}.Debug|Any CPU.ActiveCfg = Debug|Any CPU
		{1346A29E-9840-4E77-977C-60879DF61755}.Debug|Any CPU.Build.0 = Debug|Any CPU
		{1346A29E-9840-4E77-977C-60879DF61755}.Release|Any CPU.ActiveCfg = Release|Any CPU
		{1346A29E-9840-4E77-977C-60879DF61755}.Release|Any CPU.Build.0 = Release|Any CPU
	EndGlobalSection
EndGlobal
